
Microsoft Visual Studio Solution File, Format Version 12.00
# Visual Studio Version 17
VisualStudioVersion = 17.10.35013.160
MinimumVisualStudioVersion = 10.0.40219.1
Project("{FAE04EC0-301F-11D3-BF4B-00C04F79EFBC}") = "ConsoleApp2", "ConsoleApp2\ConsoleApp2.csproj", "{AF10AC30-5CED-4734-8920-FF426D0D06ED}"
EndProject
Global
	GlobalSection(SolutionConfigurationPlatforms) = preSolution
		Debug|Any CPU = Debug|Any CPU
		Release|Any CPU = Release|Any CPU
	EndGlobalSection
	GlobalSection(ProjectConfigurationPlatforms) = postSolution
		{AF10AC30-5CED-4734-8920-FF426D0D06ED}.Debug|Any CPU.ActiveCfg = Debug|Any CPU
		{AF10AC30-5CED-4734-8920-FF426D0D06ED}.Debug|Any CPU.Build.0 = Debug|Any CPU
		{AF10AC30-5CED-4734-8920-FF426D0D06ED}.Release|Any CPU.ActiveCfg = Release|Any CPU
		{AF10AC30-5CED-4734-8920-FF426D0D06ED}.Release|Any CPU.Build.0 = Release|Any CPU
	EndGlobalSection
	GlobalSection(SolutionProperties) = preSolution
		HideSolutionNode = FALSE
	EndGlobalSection
	GlobalSection(ExtensibilityGlobals) = postSolution
		SolutionGuid = {D74696BA-A547-4A49-A261-FCFDA587D030}
	EndGlobalSection
EndGlobal
